
Microsoft Visual Studio Solution File, Format Version 12.00
# Visual Studio Version 17
VisualStudioVersion = 17.7.34024.191
MinimumVisualStudioVersion = 10.0.40219.1
Project("{FAE04EC0-301F-11D3-BF4B-00C04F79EFBC}") = "TestEAN", "TestEAN\TestEAN.csproj", "{3A824009-8678-4451-8EE8-F51E8B9AB75E}"
EndProject
Global
	GlobalSection(SolutionConfigurationPlatforms) = preSolution
		Debug|Any CPU = Debug|Any CPU
		Release|Any CPU = Release|Any CPU
	EndGlobalSection
	GlobalSection(ProjectConfigurationPlatforms) = postSolution
		{3A824009-8678-4451-8EE8-F51E8B9AB75E}.Debug|Any CPU.ActiveCfg = Debug|Any CPU
		{3A824009-8678-4451-8EE8-F51E8B9AB75E}.Debug|Any CPU.Build.0 = Debug|Any CPU
		{3A824009-8678-4451-8EE8-F51E8B9AB75E}.Release|Any CPU.ActiveCfg = Release|Any CPU
		{3A824009-8678-4451-8EE8-F51E8B9AB75E}.Release|Any CPU.Build.0 = Release|Any CPU
	EndGlobalSection
	GlobalSection(SolutionProperties) = preSolution
		HideSolutionNode = FALSE
	EndGlobalSection
	GlobalSection(ExtensibilityGlobals) = postSolution
		SolutionGuid = {49DD7837-FC4D-44C7-B678-A4C98C2AAF92}
	EndGlobalSection
EndGlobal
