
Microsoft Visual Studio Solution File, Format Version 12.00
# Visual Studio Version 17
VisualStudioVersion = 17.7.34024.191
MinimumVisualStudioVersion = 10.0.40219.1
Project("{FAE04EC0-301F-11D3-BF4B-00C04F79EFBC}") = "WindowsFormsApp1", "WindowsFormsApp1\WindowsFormsApp1.csproj", "{D16A8A6F-4AC3-416A-9251-477FDAD5AAA3}"
EndProject
Global
	GlobalSection(SolutionConfigurationPlatforms) = preSolution
		Debug|Any CPU = Debug|Any CPU
		Release|Any CPU = Release|Any CPU
	EndGlobalSection
	GlobalSection(ProjectConfigurationPlatforms) = postSolution
		{D16A8A6F-4AC3-416A-9251-477FDAD5AAA3}.Debug|Any CPU.ActiveCfg = Debug|Any CPU
		{D16A8A6F-4AC3-416A-9251-477FDAD5AAA3}.Debug|Any CPU.Build.0 = Debug|Any CPU
		{D16A8A6F-4AC3-416A-9251-477FDAD5AAA3}.Release|Any CPU.ActiveCfg = Release|Any CPU
		{D16A8A6F-4AC3-416A-9251-477FDAD5AAA3}.Release|Any CPU.Build.0 = Release|Any CPU
	EndGlobalSection
	GlobalSection(SolutionProperties) = preSolution
		HideSolutionNode = FALSE
	EndGlobalSection
	GlobalSection(ExtensibilityGlobals) = postSolution
		SolutionGuid = {E5843D79-74C9-42DF-B0AF-E36C3FBC4BC0}
	EndGlobalSection
EndGlobal
